
Microsoft Visual Studio Solution File, Format Version 12.00
# Visual Studio Version 17
VisualStudioVersion = 17.11.35312.102
MinimumVisualStudioVersion = 10.0.40219.1
Project("{FAE04EC0-301F-11D3-BF4B-00C04F79EFBC}") = "Oracle_api", "Oracle_api\Oracle_api.csproj", "{21DB20E5-D004-4970-AD68-250619507D8C}"
EndProject
Global
	GlobalSection(SolutionConfigurationPlatforms) = preSolution
		Debug|Any CPU = Debug|Any CPU
		Release|Any CPU = Release|Any CPU
	EndGlobalSection
	GlobalSection(ProjectConfigurationPlatforms) = postSolution
		{21DB20E5-D004-4970-AD68-250619507D8C}.Debug|Any CPU.ActiveCfg = Debug|Any CPU
		{21DB20E5-D004-4970-AD68-250619507D8C}.Debug|Any CPU.Build.0 = Debug|Any CPU
		{21DB20E5-D004-4970-AD68-250619507D8C}.Release|Any CPU.ActiveCfg = Release|Any CPU
		{21DB20E5-D004-4970-AD68-250619507D8C}.Release|Any CPU.Build.0 = Release|Any CPU
	EndGlobalSection
	GlobalSection(SolutionProperties) = preSolution
		HideSolutionNode = FALSE
	EndGlobalSection
	GlobalSection(ExtensibilityGlobals) = postSolution
		SolutionGuid = {A8044BE6-C6F0-4049-89EC-18DD4CD04AC7}
	EndGlobalSection
EndGlobal
